Microsoft Visual Studio Solution File, Format Version 12.00
# Visual Studio 2012
Project("{FAE04EC0-301F-11D3-BF4B-00C04F79EFBC}") = "3D-FirstPerson-Base", "3D-FirstPerson-Base.csproj", "{9C7F1CB3-78D3-45FE-91EF-0E040D886089}"
EndProject
Global
	GlobalSection(SolutionConfigurationPlatforms) = preSolution
	Debug|Any CPU = Debug|Any CPU
	ExportDebug|Any CPU = ExportDebug|Any CPU
	ExportRelease|Any CPU = ExportRelease|Any CPU
	EndGlobalSection
	GlobalSection(ProjectConfigurationPlatforms) = postSolution
		{9C7F1CB3-78D3-45FE-91EF-0E040D886089}.Debug|Any CPU.ActiveCfg = Debug|Any CPU
		{9C7F1CB3-78D3-45FE-91EF-0E040D886089}.Debug|Any CPU.Build.0 = Debug|Any CPU
		{9C7F1CB3-78D3-45FE-91EF-0E040D886089}.ExportDebug|Any CPU.ActiveCfg = ExportDebug|Any CPU
		{9C7F1CB3-78D3-45FE-91EF-0E040D886089}.ExportDebug|Any CPU.Build.0 = ExportDebug|Any CPU
		{9C7F1CB3-78D3-45FE-91EF-0E040D886089}.ExportRelease|Any CPU.ActiveCfg = ExportRelease|Any CPU
		{9C7F1CB3-78D3-45FE-91EF-0E040D886089}.ExportRelease|Any CPU.Build.0 = ExportRelease|Any CPU
	EndGlobalSection
EndGlobal
